arrival_distributions:
  Class 0:
  - - Exponential
    - 35.0
  - - Exponential
    - 35.0
detect_deadlock: 'StateDigraph'
number_of_classes: 1
number_of_nodes: 2
number_of_servers:
- 5
- 5
queue_capacities:
- 5
- 5
service_distributions:
  Class 0:
  - - Exponential
    - 30.0
  - - Exponential
    - 30.0
routing:
  Class 0:
  - - 0.3
    - 0.4
  - - 0.4
    - 0.3